// !$*UTF8*$!
{
	archiveVersion = 1;
	classes = {
	};
	objectVersion = 50;
	objects = {

/* Begin PBXBuildFile section */
		6B4925262678872700A8C11E /* Man.m in Sources */ = {isa = PBXBuildFile; fileRef = 6B4925252678872700A8C11E /* Man.m */; };
		6BEE0D282674B50800BB0030 /* AppDelegate.m in Sources */ = {isa = PBXBuildFile; fileRef = 6BEE0D272674B50800BB0030 /* AppDelegate.m */; };
		6BEE0D2B2674B50800BB0030 /* SceneDelegate.m in Sources */ = {isa = PBXBuildFile; fileRef = 6BEE0D2A2674B50800BB0030 /* SceneDelegate.m */; };
		6BEE0D2E2674B50800BB0030 /* ViewController.m in Sources */ = {isa = PBXBuildFile; fileRef = 6BEE0D2D2674B50800BB0030 /* ViewController.m */; };
		6BEE0D312674B50800BB0030 /* Main.storyboard in Resources */ = {isa = PBXBuildFile; fileRef = 6BEE0D2F2674B50800BB0030 /* Main.storyboard */; };
		6BEE0D332674B50A00BB0030 /* Assets.xcassets in Resources */ = {isa = PBXBuildFile; fileRef = 6BEE0D322674B50A00BB0030 /* Assets.xcassets */; };
		6BEE0D362674B50A00BB0030 /* LaunchScreen.storyboard in Resources */ = {isa = PBXBuildFile; fileRef = 6BEE0D342674B50A00BB0030 /* LaunchScreen.storyboard */; };
		6BEE0D392674B50A00BB0030 /* main.m in Sources */ = {isa = PBXBuildFile; fileRef = 6BEE0D382674B50A00BB0030 /* main.m */; };
		6BEE0D422674B6E900BB0030 /* People.m in Sources */ = {isa = PBXBuildFile; fileRef = 6BEE0D412674B6E900BB0030 /* People.m */; };
		6BEE0D4A2674E19600BB0030 /* Person.m in Sources */ = {isa = PBXBuildFile; fileRef = 6BEE0D492674E19600BB0030 /* Person.m */; };
/* End PBXBuildFile section */

/* Begin PBXFileReference section */
		6B4925242678872700A8C11E /* Man.h */ = {isa = PBXFileReference; lastKnownFileType = sourcecode.c.h; path = Man.h; sourceTree = "<group>"; };
		6B4925252678872700A8C11E /* Man.m */ = {isa = PBXFileReference; lastKnownFileType = sourcecode.c.objc; path = Man.m; sourceTree = "<group>"; };
		6BEE0D232674B50800BB0030 /* ObjcGetClass.app */ = {isa = PBXFileReference; explicitFileType = wrapper.application; includeInIndex = 0; path = ObjcGetClass.app; sourceTree = BUILT_PRODUCTS_DIR; };
		6BEE0D262674B50800BB0030 /* AppDelegate.h */ = {isa = PBXFileReference; lastKnownFileType = sourcecode.c.h; path = AppDelegate.h; sourceTree = "<group>"; };
		6BEE0D272674B50800BB0030 /* AppDelegate.m */ = {isa = PBXFileReference; lastKnownFileType = sourcecode.c.objc; path = AppDelegate.m; sourceTree = "<group>"; };
		6BEE0D292674B50800BB0030 /* SceneDelegate.h */ = {isa = PBXFileReference; lastKnownFileType = sourcecode.c.h; path = SceneDelegate.h; sourceTree = "<group>"; };
		6BEE0D2A2674B50800BB0030 /* SceneDelegate.m */ = {isa = PBXFileReference; lastKnownFileType = sourcecode.c.objc; path = SceneDelegate.m; sourceTree = "<group>"; };
		6BEE0D2C2674B50800BB0030 /* ViewController.h */ = {isa = PBXFileReference; lastKnownFileType = sourcecode.c.h; path = ViewController.h; sourceTree = "<group>"; };
		6BEE0D2D2674B50800BB0030 /* ViewController.m */ = {isa = PBXFileReference; lastKnownFileType = sourcecode.c.objc; path = ViewController.m; sourceTree = "<group>"; };
		6BEE0D302674B50800BB0030 /* Base */ = {isa = PBXFileReference; lastKnownFileType = file.storyboard; name = Base; path = Base.lproj/Main.storyboard; sourceTree = "<group>"; };
		6BEE0D322674B50A00BB0030 /* Assets.xcassets */ = {isa = PBXFileReference; lastKnownFileType = folder.assetcatalog; path = Assets.xcassets; sourceTree = "<group>"; };
		6BEE0D352674B50A00BB0030 /* Base */ = {isa = PBXFileReference; lastKnownFileType = file.storyboard; name = Base; path = Base.lproj/LaunchScreen.storyboard; sourceTree = "<group>"; };
		6BEE0D372674B50A00BB0030 /* Info.plist */ = {isa = PBXFileReference; lastKnownFileType = text.plist.xml; path = Info.plist; sourceTree = "<group>"; };
		6BEE0D382674B50A00BB0030 /* main.m */ = {isa = PBXFileReference; lastKnownFileType = sourcecode.c.objc; path = main.m; sourceTree = "<group>"; };
		6BEE0D402674B6E900BB0030 /* People.h */ = {isa = PBXFileReference; lastKnownFileType = sourcecode.c.h; path = People.h; sourceTree = "<group>"; };
		6BEE0D412674B6E900BB0030 /* People.m */ = {isa = PBXFileReference; lastKnownFileType = sourcecode.c.objc; path = People.m; sourceTree = "<group>"; };
		6BEE0D482674E19600BB0030 /* Person.h */ = {isa = PBXFileReference; lastKnownFileType = sourcecode.c.h; path = Person.h; sourceTree = "<group>"; };
		6BEE0D492674E19600BB0030 /* Person.m */ = {isa = PBXFileReference; lastKnownFileType = sourcecode.c.objc; path = Person.m; sourceTree = "<group>"; };
/* End PBXFileReference section */

/* Begin PBXFrameworksBuildPhase section */
		6BEE0D202674B50800BB0030 /* Frameworks */ = {
			isa = PBXFrameworksBuildPhase;
			buildActionMask = 2147483647;
			files = (
			);
			runOnlyForDeploymentPostprocessing = 0;
		};
/* End PBXFrameworksBuildPhase section */

/* Begin PBXGroup section */
		6BEE0D1A2674B50800BB0030 = {
			isa = PBXGroup;
			children = (
				6BEE0D252674B50800BB0030 /* ObjcGetClass */,
				6BEE0D242674B50800BB0030 /* Products */,
			);
			sourceTree = "<group>";
		};
		6BEE0D242674B50800BB0030 /* Products */ = {
			isa = PBXGroup;
			children = (
				6BEE0D232674B50800BB0030 /* ObjcGetClass.app */,
			);
			name = Products;
			sourceTree = "<group>";
		};
		6BEE0D252674B50800BB0030 /* ObjcGetClass */ = {
			isa = PBXGroup;
			children = (
				6BEE0D262674B50800BB0030 /* AppDelegate.h */,
				6BEE0D272674B50800BB0030 /* AppDelegate.m */,
				6BEE0D292674B50800BB0030 /* SceneDelegate.h */,
				6BEE0D2A2674B50800BB0030 /* SceneDelegate.m */,
				6BEE0D2C2674B50800BB0030 /* ViewController.h */,
				6BEE0D2D2674B50800BB0030 /* ViewController.m */,
				6BEE0D2F2674B50800BB0030 /* Main.storyboard */,
				6BEE0D402674B6E900BB0030 /* People.h */,
				6BEE0D412674B6E900BB0030 /* People.m */,
				6B4925242678872700A8C11E /* Man.h */,
				6B4925252678872700A8C11E /* Man.m */,
				6BEE0D482674E19600BB0030 /* Person.h */,
				6BEE0D492674E19600BB0030 /* Person.m */,
				6BEE0D322674B50A00BB0030 /* Assets.xcassets */,
				6BEE0D342674B50A00BB0030 /* LaunchScreen.storyboard */,
				6BEE0D372674B50A00BB0030 /* Info.plist */,
				6BEE0D382674B50A00BB0030 /* main.m */,
			);
			path = ObjcGetClass;
			sourceTree = "<group>";
		};
/* End PBXGroup section */

/* Begin PBXNativeTarget section */
		6BEE0D222674B50800BB0030 /* ObjcGetClass */ = {
			isa = PBXNativeTarget;
			buildConfigurationList = 6BEE0D3C2674B50A00BB0030 /* Build configuration list for PBXNativeTarget "ObjcGetClass" */;
			buildPhases = (
				6BEE0D1F2674B50800BB0030 /* Sources */,
				6BEE0D202674B50800BB0030 /* Frameworks */,
				6BEE0D212674B50800BB0030 /* Resources */,
			);
			buildRules = (
			);
			dependencies = (
			);
			name = ObjcGetClass;
			productName = ObjcGetClass;
			productReference = 6BEE0D232674B50800BB0030 /* ObjcGetClass.app */;
			productType = "com.apple.product-type.application";
		};
/* End PBXNativeTarget section */

/* Begin PBXProject section */
		6BEE0D1B2674B50800BB0030 /* Project object */ = {
			isa = PBXProject;
			attributes = {
				LastUpgradeCheck = 1240;
				TargetAttributes = {
					6BEE0D222674B50800BB0030 = {
						CreatedOnToolsVersion = 12.4;
					};
				};
			};
			buildConfigurationList = 6BEE0D1E2674B50800BB0030 /* Build configuration list for PBXProject "ObjcGetClass" */;
			compatibilityVersion = "Xcode 9.3";
			developmentRegion = en;
			hasScannedForEncodings = 0;
			knownRegions = (
				en,
				Base,
			);
			mainGroup = 6BEE0D1A2674B50800BB0030;
			productRefGroup = 6BEE0D242674B50800BB0030 /* Products */;
			projectDirPath = "";
			projectRoot = "";
			targets = (
				6BEE0D222674B50800BB0030 /* ObjcGetClass */,
			);
		};
/* End PBXProject section */

/* Begin PBXResourcesBuildPhase section */
		6BEE0D212674B50800BB0030 /* Resources */ = {
			isa = PBXResourcesBuildPhase;
			buildActionMask = 2147483647;
			files = (
				6BEE0D362674B50A00BB0030 /* LaunchScreen.storyboard in Resources */,
				6BEE0D332674B50A00BB0030 /* Assets.xcassets in Resources */,
				6BEE0D312674B50800BB0030 /* Main.storyboard in Resources */,
			);
			runOnlyForDeploymentPostprocessing = 0;
		};
/* End PBXResourcesBuildPhase section */

/* Begin PBXSourcesBuildPhase section */
		6BEE0D1F2674B50800BB0030 /* Sources */ = {
			isa = PBXSourcesBuildPhase;
			buildActionMask = 2147483647;
			files = (
				6BEE0D4A2674E19600BB0030 /* Person.m in Sources */,
				6BEE0D2E2674B50800BB0030 /* ViewController.m in Sources */,
				6BEE0D282674B50800BB0030 /* AppDelegate.m in Sources */,
				6B4925262678872700A8C11E /* Man.m in Sources */,
				6BEE0D422674B6E900BB0030 /* People.m in Sources */,
				6BEE0D392674B50A00BB0030 /* main.m in Sources */,
				6BEE0D2B2674B50800BB0030 /* SceneDelegate.m in Sources */,
			);
			runOnlyForDeploymentPostprocessing = 0;
		};
/* End PBXSourcesBuildPhase section */

/* Begin PBXVariantGroup section */
		6BEE0D2F2674B50800BB0030 /* Main.storyboard */ = {
			isa = PBXVariantGroup;
			children = (
				6BEE0D302674B50800BB0030 /* Base */,
			);
			name = Main.storyboard;
			sourceTree = "<group>";
		};
		6BEE0D342674B50A00BB0030 /* LaunchScreen.storyboard */ = {
			isa = PBXVariantGroup;
			children = (
				6BEE0D352674B50A00BB0030 /* Base */,
			);
			name = LaunchScreen.storyboard;
			sourceTree = "<group>";
		};
/* End PBXVariantGroup section */

/* Begin XCBuildConfiguration section */
		6BEE0D3A2674B50A00BB0030 /* Debug */ = {
			isa = XCBuildConfiguration;
			buildSettings = {
				ALWAYS_SEARCH_USER_PATHS = NO;
				CLANG_ANALYZER_NONNULL = YES;
				CLANG_ANALYZER_NUMBER_OBJECT_CONVERSION = YES_AGGRESSIVE;
				CLANG_CXX_LANGUAGE_STANDARD = "gnu++14";
				CLANG_CXX_LIBRARY = "libc++";
				CLANG_ENABLE_MODULES = YES;
				CLANG_ENABLE_OBJC_ARC = YES;
				CLANG_ENABLE_OBJC_WEAK = YES;
				CLANG_WARN_BLOCK_CAPTURE_AUTORELEASING = YES;
				CLANG_WARN_BOOL_CONVERSION = YES;
				CLANG_WARN_COMMA = YES;
				CLANG_WARN_CONSTANT_CONVERSION = YES;
				CLANG_WARN_DEPRECATED_OBJC_IMPLEMENTATIONS = YES;
				CLANG_WARN_DIRECT_OBJC_ISA_USAGE = YES_ERROR;
				CLANG_WARN_DOCUMENTATION_COMMENTS = YES;
				CLANG_WARN_EMPTY_BODY = YES;
				CLANG_WARN_ENUM_CONVERSION = YES;
				CLANG_WARN_INFINITE_RECURSION = YES;
				CLANG_WARN_INT_CONVERSION = YES;
				CLANG_WARN_NON_LITERAL_NULL_CONVERSION = YES;
				CLANG_WARN_OBJC_IMPLICIT_RETAIN_SELF = YES;
				CLANG_WARN_OBJC_LITERAL_CONVERSION = YES;
				CLANG_WARN_OBJC_ROOT_CLASS = YES_ERROR;
				CLANG_WARN_QUOTED_INCLUDE_IN_FRAMEWORK_HEADER = YES;
				CLANG_WARN_RANGE_LOOP_ANALYSIS = YES;
				CLANG_WARN_STRICT_PROTOTYPES = YES;
				CLANG_WARN_SUSPICIOUS_MOVE = YES;
				CLANG_WARN_UNGUARDED_AVAILABILITY = YES_AGGRESSIVE;
				CLANG_WARN_UNREACHABLE_CODE = YES;
				CLANG_WARN__DUPLICATE_METHOD_MATCH = YES;
				COPY_PHASE_STRIP = NO;
				DEBUG_INFORMATION_FORMAT = dwarf;
				ENABLE_STRICT_OBJC_MSGSEND = YES;
				ENABLE_TESTABILITY = YES;
				GCC_C_LANGUAGE_STANDARD = gnu11;
				GCC_DYNAMIC_NO_PIC = NO;
				GCC_NO_COMMON_BLOCKS = YES;
				GCC_OPTIMIZATION_LEVEL = 0;
				GCC_PREPROCESSOR_DEFINITIONS = (
					"DEBUG=1",
					"$(inherited)",
				);
				GCC_WARN_64_TO_32_BIT_CONVERSION = YES;
				GCC_WARN_ABOUT_RETURN_TYPE = YES_ERROR;
				GCC_WARN_UNDECLARED_SELECTOR = YES;
				GCC_WARN_UNINITIALIZED_AUTOS = YES_AGGRESSIVE;
				GCC_WARN_UNUSED_FUNCTION = YES;
				GCC_WARN_UNUSED_VARIABLE = YES;
				IPHONEOS_DEPLOYMENT_TARGET = 14.4;
				MTL_ENABLE_DEBUG_INFO = INCLUDE_SOURCE;
				MTL_FAST_MATH = YES;
				ONLY_ACTIVE_ARCH = YES;
				SDKROOT = iphoneos;
			};
			name = Debug;
		};
		6BEE0D3B2674B50A00BB0030 /* Release */ = {
			isa = XCBuildConfiguration;
			buildSettings = {
				ALWAYS_SEARCH_USER_PATHS = NO;
				CLANG_ANALYZER_NONNULL = YES;
				CLANG_ANALYZER_NUMBER_OBJECT_CONVERSION = YES_AGGRESSIVE;
				CLANG_CXX_LANGUAGE_STANDARD = "gnu++14";
				CLANG_CXX_LIBRARY = "libc++";
				CLANG_ENABLE_MODULES = YES;
				CLANG_ENABLE_OBJC_ARC = YES;
				CLANG_ENABLE_OBJC_WEAK = YES;
				CLANG_WARN_BLOCK_CAPTURE_AUTORELEASING = YES;
				CLANG_WARN_BOOL_CONVERSION = YES;
				CLANG_WARN_COMMA = YES;
				CLANG_WARN_CONSTANT_CONVERSION = YES;
				CLANG_WARN_DEPRECATED_OBJC_IMPLEMENTATIONS = YES;
				CLANG_WARN_DIRECT_OBJC_ISA_USAGE = YES_ERROR;
				CLANG_WARN_DOCUMENTATION_COMMENTS = YES;
				CLANG_WARN_EMPTY_BODY = YES;
				CLANG_WARN_ENUM_CONVERSION = YES;
				CLANG_WARN_INFINITE_RECURSION = YES;
				CLANG_WARN_INT_CONVERSION = YES;
				CLANG_WARN_NON_LITERAL_NULL_CONVERSION = YES;
				CLANG_WARN_OBJC_IMPLICIT_RETAIN_SELF = YES;
				CLANG_WARN_OBJC_LITERAL_CONVERSION = YES;
				CLANG_WARN_OBJC_ROOT_CLASS = YES_ERROR;
				CLANG_WARN_QUOTED_INCLUDE_IN_FRAMEWORK_HEADER = YES;
				CLANG_WARN_RANGE_LOOP_ANALYSIS = YES;
				CLANG_WARN_STRICT_PROTOTYPES = YES;
				CLANG_WARN_SUSPICIOUS_MOVE = YES;
				CLANG_WARN_UNGUARDED_AVAILABILITY = YES_AGGRESSIVE;
				CLANG_WARN_UNREACHABLE_CODE = YES;
				CLANG_WARN__DUPLICATE_METHOD_MATCH = YES;
				COPY_PHASE_STRIP = NO;
				DEBUG_INFORMATION_FORMAT = "dwarf-with-dsym";
				ENABLE_NS_ASSERTIONS = NO;
				ENABLE_STRICT_OBJC_MSGSEND = YES;
				GCC_C_LANGUAGE_STANDARD = gnu11;
				GCC_NO_COMMON_BLOCKS = YES;
				GCC_WARN_64_TO_32_BIT_CONVERSION = YES;
				GCC_WARN_ABOUT_RETURN_TYPE = YES_ERROR;
				GCC_WARN_UNDECLARED_SELECTOR = YES;
				GCC_WARN_UNINITIALIZED_AUTOS = YES_AGGRESSIVE;
				GCC_WARN_UNUSED_FUNCTION = YES;
				GCC_WARN_UNUSED_VARIABLE = YES;
				IPHONEOS_DEPLOYMENT_TARGET = 14.4;
				MTL_ENABLE_DEBUG_INFO = NO;
				MTL_FAST_MATH = YES;
				SDKROOT = iphoneos;
				VALIDATE_PRODUCT = YES;
			};
			name = Release;
		};
		6BEE0D3D2674B50A00BB0030 /* Debug */ = {
			isa = XCBuildConfiguration;
			buildSettings = {
				ASSETCATALOG_COMPILER_APPICON_NAME = AppIcon;
				ASSETCATALOG_COMPILER_GLOBAL_ACCENT_COLOR_NAME = AccentColor;
				CODE_SIGN_STYLE = Automatic;
				INFOPLIST_FILE = ObjcGetClass/Info.plist;
				LD_RUNPATH_SEARCH_PATHS = (
					"$(inherited)",
					"@executable_path/Frameworks",
				);
				PRODUCT_BUNDLE_IDENTIFIER = com.wind.ObjcGetClass;
				PRODUCT_NAME = "$(TARGET_NAME)";
				TARGETED_DEVICE_FAMILY = "1,2";
			};
			name = Debug;
		};
		6BEE0D3E2674B50A00BB0030 /* Release */ = {
			isa = XCBuildConfiguration;
			buildSettings = {
				ASSETCATALOG_COMPILER_APPICON_NAME = AppIcon;
				ASSETCATALOG_COMPILER_GLOBAL_ACCENT_COLOR_NAME = AccentColor;
				CODE_SIGN_STYLE = Automatic;
				INFOPLIST_FILE = ObjcGetClass/Info.plist;
				LD_RUNPATH_SEARCH_PATHS = (
					"$(inherited)",
					"@executable_path/Frameworks",
				);
				PRODUCT_BUNDLE_IDENTIFIER = com.wind.ObjcGetClass;
				PRODUCT_NAME = "$(TARGET_NAME)";
				TARGETED_DEVICE_FAMILY = "1,2";
			};
			name = Release;
		};
/* End XCBuildConfiguration section */

/* Begin XCConfigurationList section */
		6BEE0D1E2674B50800BB0030 /* Build configuration list for PBXProject "ObjcGetClass" */ = {
			isa = XCConfigurationList;
			buildConfigurations = (
				6BEE0D3A2674B50A00BB0030 /* Debug */,
				6BEE0D3B2674B50A00BB0030 /* Release */,
			);
			defaultConfigurationIsVisible = 0;
			defaultConfigurationName = Release;
		};
		6BEE0D3C2674B50A00BB0030 /* Build configuration list for PBXNativeTarget "ObjcGetClass" */ = {
			isa = XCConfigurationList;
			buildConfigurations = (
				6BEE0D3D2674B50A00BB0030 /* Debug */,
				6BEE0D3E2674B50A00BB0030 /* Release */,
			);
			defaultConfigurationIsVisible = 0;
			defaultConfigurationName = Release;
		};
/* End XCConfigurationList section */
	};
	rootObject = 6BEE0D1B2674B50800BB0030 /* Project object */;
}
